
Microsoft Visual Studio Solution File, Format Version 12.00
# Visual Studio Version 17
VisualStudioVersion = 17.7.34202.233
MinimumVisualStudioVersion = 10.0.40219.1
Project("{FAE04EC0-301F-11D3-BF4B-00C04F79EFBC}") = "RabbitMQConsumerInveon", "RabbitMQConsumerInveon\RabbitMQConsumerInveon.csproj", "{B833A6E0-5903-4C46-9814-824C33BE57B9}"
EndProject
Global
	GlobalSection(SolutionConfigurationPlatforms) = preSolution
		Debug|Any CPU = Debug|Any CPU
		Release|Any CPU = Release|Any CPU
	EndGlobalSection
	GlobalSection(ProjectConfigurationPlatforms) = postSolution
		{B833A6E0-5903-4C46-9814-824C33BE57B9}.Debug|Any CPU.ActiveCfg = Debug|Any CPU
		{B833A6E0-5903-4C46-9814-824C33BE57B9}.Debug|Any CPU.Build.0 = Debug|Any CPU
		{B833A6E0-5903-4C46-9814-824C33BE57B9}.Release|Any CPU.ActiveCfg = Release|Any CPU
		{B833A6E0-5903-4C46-9814-824C33BE57B9}.Release|Any CPU.Build.0 = Release|Any CPU
	EndGlobalSection
	GlobalSection(SolutionProperties) = preSolution
		HideSolutionNode = FALSE
	EndGlobalSection
	GlobalSection(ExtensibilityGlobals) = postSolution
		SolutionGuid = {F3552EFD-3BAF-466F-A6B6-35581DB2092E}
	EndGlobalSection
EndGlobal
